
Microsoft Visual Studio Solution File, Format Version 12.00
# Visual Studio Version 17
VisualStudioVersion = 17.3.32929.385
MinimumVisualStudioVersion = 10.0.40219.1
Project("{9A19103F-16F7-4668-BE54-9A1E7A4F7556}") = "HelloWorld", "HelloWorld\HelloWorld.csproj", "{211D541E-BD42-438A-B980-227E15BC61E4}"
EndProject
Project("{FAE04EC0-301F-11D3-BF4B-00C04F79EFBC}") = "Prueba WPF2", "Prueba WPF2\Prueba WPF2.csproj", "{CF364C11-A18C-4C7C-B2F1-A4EE54C13A7A}"
EndProject
Global
	GlobalSection(SolutionConfigurationPlatforms) = preSolution
		Debug|Any CPU = Debug|Any CPU
		Release|Any CPU = Release|Any CPU
	EndGlobalSection
	GlobalSection(ProjectConfigurationPlatforms) = postSolution
		{211D541E-BD42-438A-B980-227E15BC61E4}.Debug|Any CPU.ActiveCfg = Debug|Any CPU
		{211D541E-BD42-438A-B980-227E15BC61E4}.Debug|Any CPU.Build.0 = Debug|Any CPU
		{211D541E-BD42-438A-B980-227E15BC61E4}.Release|Any CPU.ActiveCfg = Release|Any CPU
		{211D541E-BD42-438A-B980-227E15BC61E4}.Release|Any CPU.Build.0 = Release|Any CPU
		{CF364C11-A18C-4C7C-B2F1-A4EE54C13A7A}.Debug|Any CPU.ActiveCfg = Debug|Any CPU
		{CF364C11-A18C-4C7C-B2F1-A4EE54C13A7A}.Debug|Any CPU.Build.0 = Debug|Any CPU
		{CF364C11-A18C-4C7C-B2F1-A4EE54C13A7A}.Release|Any CPU.ActiveCfg = Release|Any CPU
		{CF364C11-A18C-4C7C-B2F1-A4EE54C13A7A}.Release|Any CPU.Build.0 = Release|Any CPU
	EndGlobalSection
	GlobalSection(SolutionProperties) = preSolution
		HideSolutionNode = FALSE
	EndGlobalSection
	GlobalSection(ExtensibilityGlobals) = postSolution
		SolutionGuid = {1044CD38-5E78-4C3A-8378-34638D7467F8}
	EndGlobalSection
EndGlobal
