
Microsoft Visual Studio Solution File, Format Version 12.00
# Visual Studio Version 17
VisualStudioVersion = 17.3.32922.545
MinimumVisualStudioVersion = 10.0.40219.1
Project("{FAE04EC0-301F-11D3-BF4B-00C04F79EFBC}") = "Hello World Platzi", "Hello World Platzi\Hello World Platzi.csproj", "{ED216ABE-DEC2-4E9B-8140-6300022EB059}"
EndProject
Global
	GlobalSection(SolutionConfigurationPlatforms) = preSolution
		Debug|Any CPU = Debug|Any CPU
		Release|Any CPU = Release|Any CPU
	EndGlobalSection
	GlobalSection(ProjectConfigurationPlatforms) = postSolution
		{ED216ABE-DEC2-4E9B-8140-6300022EB059}.Debug|Any CPU.ActiveCfg = Debug|Any CPU
		{ED216ABE-DEC2-4E9B-8140-6300022EB059}.Debug|Any CPU.Build.0 = Debug|Any CPU
		{ED216ABE-DEC2-4E9B-8140-6300022EB059}.Release|Any CPU.ActiveCfg = Release|Any CPU
		{ED216ABE-DEC2-4E9B-8140-6300022EB059}.Release|Any CPU.Build.0 = Release|Any CPU
	EndGlobalSection
	GlobalSection(SolutionProperties) = preSolution
		HideSolutionNode = FALSE
	EndGlobalSection
	GlobalSection(ExtensibilityGlobals) = postSolution
		SolutionGuid = {6A765719-0C7A-40CA-A56D-CD4973D58177}
	EndGlobalSection
EndGlobal
